
Microsoft Visual Studio Solution File, Format Version 12.00
# Visual Studio 15
VisualStudioVersion = 15.0.27703.2000
MinimumVisualStudioVersion = 10.0.40219.1
Project("{FAE04EC0-301F-11D3-BF4B-00C04F79EFBC}") = "Semaforo", "Semaforo\Semaforo.csproj", "{27D62F7E-B6B6-4B41-B43B-7A5C3889E7E4}"
EndProject
Global
	GlobalSection(SolutionConfigurationPlatforms) = preSolution
		Debug|Any CPU = Debug|Any CPU
		Release|Any CPU = Release|Any CPU
	EndGlobalSection
	GlobalSection(ProjectConfigurationPlatforms) = postSolution
		{27D62F7E-B6B6-4B41-B43B-7A5C3889E7E4}.Debug|Any CPU.ActiveCfg = Debug|Any CPU
		{27D62F7E-B6B6-4B41-B43B-7A5C3889E7E4}.Debug|Any CPU.Build.0 = Debug|Any CPU
		{27D62F7E-B6B6-4B41-B43B-7A5C3889E7E4}.Release|Any CPU.ActiveCfg = Release|Any CPU
		{27D62F7E-B6B6-4B41-B43B-7A5C3889E7E4}.Release|Any CPU.Build.0 = Release|Any CPU
	EndGlobalSection
	GlobalSection(SolutionProperties) = preSolution
		HideSolutionNode = FALSE
	EndGlobalSection
	GlobalSection(ExtensibilityGlobals) = postSolution
		SolutionGuid = {3FF4A15C-BF07-41F3-AF21-395080535A2E}
	EndGlobalSection
EndGlobal
